
Microsoft Visual Studio Solution File, Format Version 12.00
# Visual Studio Version 16
VisualStudioVersion = 16.0.32602.290
MinimumVisualStudioVersion = 10.0.40219.1
Project("{FAE04EC0-301F-11D3-BF4B-00C04F79EFBC}") = "Ejemplo03.Android", "Ejemplo03\Ejemplo03.Android\Ejemplo03.Android.csproj", "{960EAF6E-F5A8-4D65-87BE-2D7AEE07EDCB}"
EndProject
Project("{FAE04EC0-301F-11D3-BF4B-00C04F79EFBC}") = "Ejemplo03.iOS", "Ejemplo03\Ejemplo03.iOS\Ejemplo03.iOS.csproj", "{C770FC62-B350-4A99-B690-841CE104417C}"
EndProject
Project("{FAE04EC0-301F-11D3-BF4B-00C04F79EFBC}") = "Ejemplo03", "Ejemplo03\Ejemplo03\Ejemplo03.csproj", "{A3A2AF6F-936C-4DBD-9010-EFEC3493B30B}"
EndProject
Global
	GlobalSection(SolutionConfigurationPlatforms) = preSolution
		Debug|Any CPU = Debug|Any CPU
		Debug|iPhone = Debug|iPhone
		Debug|iPhoneSimulator = Debug|iPhoneSimulator
		Release|Any CPU = Release|Any CPU
		Release|iPhone = Release|iPhone
		Release|iPhoneSimulator = Release|iPhoneSimulator
	EndGlobalSection
	GlobalSection(ProjectConfigurationPlatforms) = postSolution
		{960EAF6E-F5A8-4D65-87BE-2D7AEE07EDCB}.Debug|Any CPU.ActiveCfg = Debug|Any CPU
		{960EAF6E-F5A8-4D65-87BE-2D7AEE07EDCB}.Debug|Any CPU.Build.0 = Debug|Any CPU
		{960EAF6E-F5A8-4D65-87BE-2D7AEE07EDCB}.Debug|Any CPU.Deploy.0 = Debug|Any CPU
		{960EAF6E-F5A8-4D65-87BE-2D7AEE07EDCB}.Debug|iPhone.ActiveCfg = Debug|Any CPU
		{960EAF6E-F5A8-4D65-87BE-2D7AEE07EDCB}.Debug|iPhone.Build.0 = Debug|Any CPU
		{960EAF6E-F5A8-4D65-87BE-2D7AEE07EDCB}.Debug|iPhone.Deploy.0 = Debug|Any CPU
		{960EAF6E-F5A8-4D65-87BE-2D7AEE07EDCB}.Debug|iPhoneSimulator.ActiveCfg = Debug|Any CPU
		{960EAF6E-F5A8-4D65-87BE-2D7AEE07EDCB}.Debug|iPhoneSimulator.Build.0 = Debug|Any CPU
		{960EAF6E-F5A8-4D65-87BE-2D7AEE07EDCB}.Debug|iPhoneSimulator.Deploy.0 = Debug|Any CPU
		{960EAF6E-F5A8-4D65-87BE-2D7AEE07EDCB}.Release|Any CPU.ActiveCfg = Release|Any CPU
		{960EAF6E-F5A8-4D65-87BE-2D7AEE07EDCB}.Release|Any CPU.Build.0 = Release|Any CPU
		{960EAF6E-F5A8-4D65-87BE-2D7AEE07EDCB}.Release|Any CPU.Deploy.0 = Release|Any CPU
		{960EAF6E-F5A8-4D65-87BE-2D7AEE07EDCB}.Release|iPhone.ActiveCfg = Release|Any CPU
		{960EAF6E-F5A8-4D65-87BE-2D7AEE07EDCB}.Release|iPhone.Build.0 = Release|Any CPU
		{960EAF6E-F5A8-4D65-87BE-2D7AEE07EDCB}.Release|iPhone.Deploy.0 = Release|Any CPU
		{960EAF6E-F5A8-4D65-87BE-2D7AEE07EDCB}.Release|iPhoneSimulator.ActiveCfg = Release|Any CPU
		{960EAF6E-F5A8-4D65-87BE-2D7AEE07EDCB}.Release|iPhoneSimulator.Build.0 = Release|Any CPU
		{960EAF6E-F5A8-4D65-87BE-2D7AEE07EDCB}.Release|iPhoneSimulator.Deploy.0 = Release|Any CPU
		{C770FC62-B350-4A99-B690-841CE104417C}.Debug|Any CPU.ActiveCfg = Debug|iPhone
		{C770FC62-B350-4A99-B690-841CE104417C}.Debug|Any CPU.Build.0 = Debug|iPhone
		{C770FC62-B350-4A99-B690-841CE104417C}.Debug|Any CPU.Deploy.0 = Debug|iPhone
		{C770FC62-B350-4A99-B690-841CE104417C}.Debug|iPhone.ActiveCfg = Debug|iPhone
		{C770FC62-B350-4A99-B690-841CE104417C}.Debug|iPhone.Build.0 = Debug|iPhone
		{C770FC62-B350-4A99-B690-841CE104417C}.Debug|iPhone.Deploy.0 = Debug|iPhone
		{C770FC62-B350-4A99-B690-841CE104417C}.Debug|iPhoneSimulator.ActiveCfg = Debug|iPhoneSimulator
		{C770FC62-B350-4A99-B690-841CE104417C}.Debug|iPhoneSimulator.Build.0 = Debug|iPhoneSimulator
		{C770FC62-B350-4A99-B690-841CE104417C}.Debug|iPhoneSimulator.Deploy.0 = Debug|iPhoneSimulator
		{C770FC62-B350-4A99-B690-841CE104417C}.Release|Any CPU.ActiveCfg = Release|iPhoneSimulator
		{C770FC62-B350-4A99-B690-841CE104417C}.Release|Any CPU.Build.0 = Release|iPhoneSimulator
		{C770FC62-B350-4A99-B690-841CE104417C}.Release|Any CPU.Deploy.0 = Release|iPhoneSimulator
		{C770FC62-B350-4A99-B690-841CE104417C}.Release|iPhone.ActiveCfg = Release|iPhone
		{C770FC62-B350-4A99-B690-841CE104417C}.Release|iPhone.Build.0 = Release|iPhone
		{C770FC62-B350-4A99-B690-841CE104417C}.Release|iPhone.Deploy.0 = Release|iPhone
		{C770FC62-B350-4A99-B690-841CE104417C}.Release|iPhoneSimulator.ActiveCfg = Release|iPhoneSimulator
		{C770FC62-B350-4A99-B690-841CE104417C}.Release|iPhoneSimulator.Build.0 = Release|iPhoneSimulator
		{C770FC62-B350-4A99-B690-841CE104417C}.Release|iPhoneSimulator.Deploy.0 = Release|iPhoneSimulator
		{A3A2AF6F-936C-4DBD-9010-EFEC3493B30B}.Debug|Any CPU.ActiveCfg = Debug|Any CPU
		{A3A2AF6F-936C-4DBD-9010-EFEC3493B30B}.Debug|Any CPU.Build.0 = Debug|Any CPU
		{A3A2AF6F-936C-4DBD-9010-EFEC3493B30B}.Debug|Any CPU.Deploy.0 = Debug|Any CPU
		{A3A2AF6F-936C-4DBD-9010-EFEC3493B30B}.Debug|iPhone.ActiveCfg = Debug|Any CPU
		{A3A2AF6F-936C-4DBD-9010-EFEC3493B30B}.Debug|iPhone.Build.0 = Debug|Any CPU
		{A3A2AF6F-936C-4DBD-9010-EFEC3493B30B}.Debug|iPhone.Deploy.0 = Debug|Any CPU
		{A3A2AF6F-936C-4DBD-9010-EFEC3493B30B}.Debug|iPhoneSimulator.ActiveCfg = Debug|Any CPU
		{A3A2AF6F-936C-4DBD-9010-EFEC3493B30B}.Debug|iPhoneSimulator.Build.0 = Debug|Any CPU
		{A3A2AF6F-936C-4DBD-9010-EFEC3493B30B}.Debug|iPhoneSimulator.Deploy.0 = Debug|Any CPU
		{A3A2AF6F-936C-4DBD-9010-EFEC3493B30B}.Release|Any CPU.ActiveCfg = Release|Any CPU
		{A3A2AF6F-936C-4DBD-9010-EFEC3493B30B}.Release|Any CPU.Build.0 = Release|Any CPU
		{A3A2AF6F-936C-4DBD-9010-EFEC3493B30B}.Release|Any CPU.Deploy.0 = Release|Any CPU
		{A3A2AF6F-936C-4DBD-9010-EFEC3493B30B}.Release|iPhone.ActiveCfg = Release|Any CPU
		{A3A2AF6F-936C-4DBD-9010-EFEC3493B30B}.Release|iPhone.Build.0 = Release|Any CPU
		{A3A2AF6F-936C-4DBD-9010-EFEC3493B30B}.Release|iPhone.Deploy.0 = Release|Any CPU
		{A3A2AF6F-936C-4DBD-9010-EFEC3493B30B}.Release|iPhoneSimulator.ActiveCfg = Release|Any CPU
		{A3A2AF6F-936C-4DBD-9010-EFEC3493B30B}.Release|iPhoneSimulator.Build.0 = Release|Any CPU
		{A3A2AF6F-936C-4DBD-9010-EFEC3493B30B}.Release|iPhoneSimulator.Deploy.0 = Release|Any CPU
	EndGlobalSection
	GlobalSection(SolutionProperties) = preSolution
		HideSolutionNode = FALSE
	EndGlobalSection
	GlobalSection(ExtensibilityGlobals) = postSolution
		SolutionGuid = {63A1647E-23F5-4C29-8B4D-14DB4300D41A}
	EndGlobalSection
EndGlobal
